
Microsoft Visual Studio Solution File, Format Version 12.00
# Visual Studio Version 17
VisualStudioVersion = 17.9.34622.214
MinimumVisualStudioVersion = 10.0.40219.1
Project("{FAE04EC0-301F-11D3-BF4B-00C04F79EFBC}") = "SmartTrade.Android", "SmartTrade\SmartTrade.Android\SmartTrade.Android.csproj", "{3B1FF02D-3B5B-4952-A70E-9640CE723F44}"
EndProject
Project("{FAE04EC0-301F-11D3-BF4B-00C04F79EFBC}") = "SmartTrade.iOS", "SmartTrade\SmartTrade.iOS\SmartTrade.iOS.csproj", "{6771AF2A-1B61-45D7-9360-B89849442FF4}"
EndProject
Project("{9A19103F-16F7-4668-BE54-9A1E7A4F7556}") = "SmartTrade", "SmartTrade\SmartTrade\SmartTrade.csproj", "{6423B6D8-BBB0-4FAE-BBE3-A45C744D0A67}"
EndProject
<<<<<<< HEAD
Project("{FAE04EC0-301F-11D3-BF4B-00C04F79EFBC}") = "TestCambiarUsuario", "TestCambiarUusuario\TestCambiarUsuario.csproj", "{9A64D2CB-AD12-43BB-9054-720C322C183E}"
	ProjectSection(ProjectDependencies) = postProject
		{6423B6D8-BBB0-4FAE-BBE3-A45C744D0A67} = {6423B6D8-BBB0-4FAE-BBE3-A45C744D0A67}
	EndProjectSection
=======
Project("{FAE04EC0-301F-11D3-BF4B-00C04F79EFBC}") = "TestProject", "TestProject\TestProject.csproj", "{C0ED8883-B70D-427F-A51D-B7A8480FB672}"
>>>>>>> 459f0607c733294646986913900587fb710d78aa
EndProject
Global
	GlobalSection(SolutionConfigurationPlatforms) = preSolution
		Debug|Any CPU = Debug|Any CPU
		Debug|iPhone = Debug|iPhone
		Debug|iPhoneSimulator = Debug|iPhoneSimulator
		Release|Any CPU = Release|Any CPU
		Release|iPhone = Release|iPhone
		Release|iPhoneSimulator = Release|iPhoneSimulator
	EndGlobalSection
	GlobalSection(ProjectConfigurationPlatforms) = postSolution
		{3B1FF02D-3B5B-4952-A70E-9640CE723F44}.Debug|Any CPU.ActiveCfg = Debug|Any CPU
		{3B1FF02D-3B5B-4952-A70E-9640CE723F44}.Debug|Any CPU.Build.0 = Debug|Any CPU
		{3B1FF02D-3B5B-4952-A70E-9640CE723F44}.Debug|Any CPU.Deploy.0 = Debug|Any CPU
		{3B1FF02D-3B5B-4952-A70E-9640CE723F44}.Debug|iPhone.ActiveCfg = Debug|Any CPU
		{3B1FF02D-3B5B-4952-A70E-9640CE723F44}.Debug|iPhone.Build.0 = Debug|Any CPU
		{3B1FF02D-3B5B-4952-A70E-9640CE723F44}.Debug|iPhone.Deploy.0 = Debug|Any CPU
		{3B1FF02D-3B5B-4952-A70E-9640CE723F44}.Debug|iPhoneSimulator.ActiveCfg = Debug|Any CPU
		{3B1FF02D-3B5B-4952-A70E-9640CE723F44}.Debug|iPhoneSimulator.Build.0 = Debug|Any CPU
		{3B1FF02D-3B5B-4952-A70E-9640CE723F44}.Debug|iPhoneSimulator.Deploy.0 = Debug|Any CPU
		{3B1FF02D-3B5B-4952-A70E-9640CE723F44}.Release|Any CPU.ActiveCfg = Release|Any CPU
		{3B1FF02D-3B5B-4952-A70E-9640CE723F44}.Release|Any CPU.Build.0 = Release|Any CPU
		{3B1FF02D-3B5B-4952-A70E-9640CE723F44}.Release|Any CPU.Deploy.0 = Release|Any CPU
		{3B1FF02D-3B5B-4952-A70E-9640CE723F44}.Release|iPhone.ActiveCfg = Release|Any CPU
		{3B1FF02D-3B5B-4952-A70E-9640CE723F44}.Release|iPhone.Build.0 = Release|Any CPU
		{3B1FF02D-3B5B-4952-A70E-9640CE723F44}.Release|iPhone.Deploy.0 = Release|Any CPU
		{3B1FF02D-3B5B-4952-A70E-9640CE723F44}.Release|iPhoneSimulator.ActiveCfg = Release|Any CPU
		{3B1FF02D-3B5B-4952-A70E-9640CE723F44}.Release|iPhoneSimulator.Build.0 = Release|Any CPU
		{3B1FF02D-3B5B-4952-A70E-9640CE723F44}.Release|iPhoneSimulator.Deploy.0 = Release|Any CPU
		{6771AF2A-1B61-45D7-9360-B89849442FF4}.Debug|Any CPU.ActiveCfg = Debug|iPhone
		{6771AF2A-1B61-45D7-9360-B89849442FF4}.Debug|Any CPU.Build.0 = Debug|iPhone
		{6771AF2A-1B61-45D7-9360-B89849442FF4}.Debug|Any CPU.Deploy.0 = Debug|iPhone
		{6771AF2A-1B61-45D7-9360-B89849442FF4}.Debug|iPhone.ActiveCfg = Debug|iPhone
		{6771AF2A-1B61-45D7-9360-B89849442FF4}.Debug|iPhone.Build.0 = Debug|iPhone
		{6771AF2A-1B61-45D7-9360-B89849442FF4}.Debug|iPhone.Deploy.0 = Debug|iPhone
		{6771AF2A-1B61-45D7-9360-B89849442FF4}.Debug|iPhoneSimulator.ActiveCfg = Debug|iPhoneSimulator
		{6771AF2A-1B61-45D7-9360-B89849442FF4}.Debug|iPhoneSimulator.Build.0 = Debug|iPhoneSimulator
		{6771AF2A-1B61-45D7-9360-B89849442FF4}.Debug|iPhoneSimulator.Deploy.0 = Debug|iPhoneSimulator
		{6771AF2A-1B61-45D7-9360-B89849442FF4}.Release|Any CPU.ActiveCfg = Release|iPhoneSimulator
		{6771AF2A-1B61-45D7-9360-B89849442FF4}.Release|Any CPU.Build.0 = Release|iPhoneSimulator
		{6771AF2A-1B61-45D7-9360-B89849442FF4}.Release|Any CPU.Deploy.0 = Release|iPhoneSimulator
		{6771AF2A-1B61-45D7-9360-B89849442FF4}.Release|iPhone.ActiveCfg = Release|iPhone
		{6771AF2A-1B61-45D7-9360-B89849442FF4}.Release|iPhone.Build.0 = Release|iPhone
		{6771AF2A-1B61-45D7-9360-B89849442FF4}.Release|iPhone.Deploy.0 = Release|iPhone
		{6771AF2A-1B61-45D7-9360-B89849442FF4}.Release|iPhoneSimulator.ActiveCfg = Release|iPhoneSimulator
		{6771AF2A-1B61-45D7-9360-B89849442FF4}.Release|iPhoneSimulator.Build.0 = Release|iPhoneSimulator
		{6771AF2A-1B61-45D7-9360-B89849442FF4}.Release|iPhoneSimulator.Deploy.0 = Release|iPhoneSimulator
		{6423B6D8-BBB0-4FAE-BBE3-A45C744D0A67}.Debug|Any CPU.ActiveCfg = Debug|Any CPU
		{6423B6D8-BBB0-4FAE-BBE3-A45C744D0A67}.Debug|Any CPU.Build.0 = Debug|Any CPU
		{6423B6D8-BBB0-4FAE-BBE3-A45C744D0A67}.Debug|Any CPU.Deploy.0 = Debug|Any CPU
		{6423B6D8-BBB0-4FAE-BBE3-A45C744D0A67}.Debug|iPhone.ActiveCfg = Debug|Any CPU
		{6423B6D8-BBB0-4FAE-BBE3-A45C744D0A67}.Debug|iPhone.Build.0 = Debug|Any CPU
		{6423B6D8-BBB0-4FAE-BBE3-A45C744D0A67}.Debug|iPhone.Deploy.0 = Debug|Any CPU
		{6423B6D8-BBB0-4FAE-BBE3-A45C744D0A67}.Debug|iPhoneSimulator.ActiveCfg = Debug|Any CPU
		{6423B6D8-BBB0-4FAE-BBE3-A45C744D0A67}.Debug|iPhoneSimulator.Build.0 = Debug|Any CPU
		{6423B6D8-BBB0-4FAE-BBE3-A45C744D0A67}.Debug|iPhoneSimulator.Deploy.0 = Debug|Any CPU
		{6423B6D8-BBB0-4FAE-BBE3-A45C744D0A67}.Release|Any CPU.ActiveCfg = Release|Any CPU
		{6423B6D8-BBB0-4FAE-BBE3-A45C744D0A67}.Release|Any CPU.Build.0 = Release|Any CPU
		{6423B6D8-BBB0-4FAE-BBE3-A45C744D0A67}.Release|Any CPU.Deploy.0 = Release|Any CPU
		{6423B6D8-BBB0-4FAE-BBE3-A45C744D0A67}.Release|iPhone.ActiveCfg = Release|Any CPU
		{6423B6D8-BBB0-4FAE-BBE3-A45C744D0A67}.Release|iPhone.Build.0 = Release|Any CPU
		{6423B6D8-BBB0-4FAE-BBE3-A45C744D0A67}.Release|iPhone.Deploy.0 = Release|Any CPU
		{6423B6D8-BBB0-4FAE-BBE3-A45C744D0A67}.Release|iPhoneSimulator.ActiveCfg = Release|Any CPU
		{6423B6D8-BBB0-4FAE-BBE3-A45C744D0A67}.Release|iPhoneSimulator.Build.0 = Release|Any CPU
		{6423B6D8-BBB0-4FAE-BBE3-A45C744D0A67}.Release|iPhoneSimulator.Deploy.0 = Release|Any CPU
<<<<<<< HEAD
		{9A64D2CB-AD12-43BB-9054-720C322C183E}.Debug|Any CPU.ActiveCfg = Debug|Any CPU
		{9A64D2CB-AD12-43BB-9054-720C322C183E}.Debug|Any CPU.Build.0 = Debug|Any CPU
		{9A64D2CB-AD12-43BB-9054-720C322C183E}.Debug|iPhone.ActiveCfg = Debug|Any CPU
		{9A64D2CB-AD12-43BB-9054-720C322C183E}.Debug|iPhone.Build.0 = Debug|Any CPU
		{9A64D2CB-AD12-43BB-9054-720C322C183E}.Debug|iPhoneSimulator.ActiveCfg = Debug|Any CPU
		{9A64D2CB-AD12-43BB-9054-720C322C183E}.Debug|iPhoneSimulator.Build.0 = Debug|Any CPU
		{9A64D2CB-AD12-43BB-9054-720C322C183E}.Release|Any CPU.ActiveCfg = Release|Any CPU
		{9A64D2CB-AD12-43BB-9054-720C322C183E}.Release|Any CPU.Build.0 = Release|Any CPU
		{9A64D2CB-AD12-43BB-9054-720C322C183E}.Release|iPhone.ActiveCfg = Release|Any CPU
		{9A64D2CB-AD12-43BB-9054-720C322C183E}.Release|iPhone.Build.0 = Release|Any CPU
		{9A64D2CB-AD12-43BB-9054-720C322C183E}.Release|iPhoneSimulator.ActiveCfg = Release|Any CPU
		{9A64D2CB-AD12-43BB-9054-720C322C183E}.Release|iPhoneSimulator.Build.0 = Release|Any CPU
=======
		{C0ED8883-B70D-427F-A51D-B7A8480FB672}.Debug|Any CPU.ActiveCfg = Debug|Any CPU
		{C0ED8883-B70D-427F-A51D-B7A8480FB672}.Debug|Any CPU.Build.0 = Debug|Any CPU
		{C0ED8883-B70D-427F-A51D-B7A8480FB672}.Debug|iPhone.ActiveCfg = Debug|Any CPU
		{C0ED8883-B70D-427F-A51D-B7A8480FB672}.Debug|iPhone.Build.0 = Debug|Any CPU
		{C0ED8883-B70D-427F-A51D-B7A8480FB672}.Debug|iPhoneSimulator.ActiveCfg = Debug|Any CPU
		{C0ED8883-B70D-427F-A51D-B7A8480FB672}.Debug|iPhoneSimulator.Build.0 = Debug|Any CPU
		{C0ED8883-B70D-427F-A51D-B7A8480FB672}.Release|Any CPU.ActiveCfg = Release|Any CPU
		{C0ED8883-B70D-427F-A51D-B7A8480FB672}.Release|Any CPU.Build.0 = Release|Any CPU
		{C0ED8883-B70D-427F-A51D-B7A8480FB672}.Release|iPhone.ActiveCfg = Release|Any CPU
		{C0ED8883-B70D-427F-A51D-B7A8480FB672}.Release|iPhone.Build.0 = Release|Any CPU
		{C0ED8883-B70D-427F-A51D-B7A8480FB672}.Release|iPhoneSimulator.ActiveCfg = Release|Any CPU
		{C0ED8883-B70D-427F-A51D-B7A8480FB672}.Release|iPhoneSimulator.Build.0 = Release|Any CPU
>>>>>>> 459f0607c733294646986913900587fb710d78aa
	EndGlobalSection
	GlobalSection(SolutionProperties) = preSolution
		HideSolutionNode = FALSE
	EndGlobalSection
	GlobalSection(ExtensibilityGlobals) = postSolution
		SolutionGuid = {39841C3E-9526-4570-8E47-A8AD69FBEB20}
	EndGlobalSection
EndGlobal
